
Microsoft Visual Studio Solution File, Format Version 12.00
# Visual Studio 15
VisualStudioVersion = 15.0.27130.2010
MinimumVisualStudioVersion = 10.0.40219.1
Project("{E24C65DC-7377-472B-9ABA-BC803B73C61A}") = "perspective_view_mvp_matrix", "perspective_view_mvp_matrix\", "{B0DA6D06-E8C0-4349-AF41-85A69E181A0B}"
	ProjectSection(WebsiteProperties) = preProject
		TargetFrameworkMoniker = ".NETFramework,Version%3Dv4.6.1"
		Debug.AspNetCompiler.VirtualPath = "/localhost_49386"
		Debug.AspNetCompiler.PhysicalPath = "perspective_view_mvp_matrix\"
		Debug.AspNetCompiler.TargetPath = "PrecompiledWeb\localhost_49386\"
		Debug.AspNetCompiler.Updateable = "true"
		Debug.AspNetCompiler.ForceOverwrite = "true"
		Debug.AspNetCompiler.FixedNames = "false"
		Debug.AspNetCompiler.Debug = "True"
		Release.AspNetCompiler.VirtualPath = "/localhost_49386"
		Release.AspNetCompiler.PhysicalPath = "perspective_view_mvp_matrix\"
		Release.AspNetCompiler.TargetPath = "PrecompiledWeb\localhost_49386\"
		Release.AspNetCompiler.Updateable = "true"
		Release.AspNetCompiler.ForceOverwrite = "true"
		Release.AspNetCompiler.FixedNames = "false"
		Release.AspNetCompiler.Debug = "False"
		VWDPort = "49386"
		SlnRelativePath = "perspective_view_mvp_matrix\"
		DefaultWebSiteLanguage = "Visual C#"
	EndProjectSection
EndProject
Global
	GlobalSection(SolutionConfigurationPlatforms) = preSolution
		Debug|Any CPU = Debug|Any CPU
	EndGlobalSection
	GlobalSection(ProjectConfigurationPlatforms) = postSolution
		{B0DA6D06-E8C0-4349-AF41-85A69E181A0B}.Debug|Any CPU.ActiveCfg = Debug|Any CPU
		{B0DA6D06-E8C0-4349-AF41-85A69E181A0B}.Debug|Any CPU.Build.0 = Debug|Any CPU
	EndGlobalSection
	GlobalSection(SolutionProperties) = preSolution
		HideSolutionNode = FALSE
	EndGlobalSection
	GlobalSection(ExtensibilityGlobals) = postSolution
		SolutionGuid = {80B84A28-F80D-420A-AD2F-9F36F7985015}
	EndGlobalSection
EndGlobal
